
Microsoft Visual Studio Solution File, Format Version 12.00
# Visual Studio Version 17
VisualStudioVersion = 17.5.33414.496
MinimumVisualStudioVersion = 10.0.40219.1
Project("{FAE04EC0-301F-11D3-BF4B-00C04F79EFBC}") = "ConsoleApp1", "ConsoleApp1\ConsoleApp1.csproj", "{14D0A70E-34DB-4789-ABBC-3FBEAE9FEBAB}"
EndProject
Global
	GlobalSection(SolutionConfigurationPlatforms) = preSolution
		Debug|Any CPU = Debug|Any CPU
		Release|Any CPU = Release|Any CPU
	EndGlobalSection
	GlobalSection(ProjectConfigurationPlatforms) = postSolution
		{14D0A70E-34DB-4789-ABBC-3FBEAE9FEBAB}.Debug|Any CPU.ActiveCfg = Debug|Any CPU
		{14D0A70E-34DB-4789-ABBC-3FBEAE9FEBAB}.Debug|Any CPU.Build.0 = Debug|Any CPU
		{14D0A70E-34DB-4789-ABBC-3FBEAE9FEBAB}.Release|Any CPU.ActiveCfg = Release|Any CPU
		{14D0A70E-34DB-4789-ABBC-3FBEAE9FEBAB}.Release|Any CPU.Build.0 = Release|Any CPU
	EndGlobalSection
	GlobalSection(SolutionProperties) = preSolution
		HideSolutionNode = FALSE
	EndGlobalSection
	GlobalSection(ExtensibilityGlobals) = postSolution
		SolutionGuid = {A1400E5B-936C-4B77-BAF6-C99202269B9D}
	EndGlobalSection
EndGlobal
